
Microsoft Visual Studio Solution File, Format Version 12.00
# Visual Studio Version 17
VisualStudioVersion = 17.13.35913.81
MinimumVisualStudioVersion = 10.0.40219.1
Project("{FAE04EC0-301F-11D3-BF4B-00C04F79EFBC}") = "EvenNumbers", "EvenNumbers.csproj", "{C0C95201-A31F-42B0-B786-EA787AA52E63}"
EndProject
Project("{FAE04EC0-301F-11D3-BF4B-00C04F79EFBC}") = "Country", "..\Country\Country.csproj", "{DD5574B4-E8A9-4324-9C16-2A0F29DF6243}"
EndProject
Project("{FAE04EC0-301F-11D3-BF4B-00C04F79EFBC}") = "CountryMap", "..\CountryMap\CountryMap.csproj", "{41B2BB17-8B37-4712-8B93-DDBF1ABB78AB}"
EndProject
Global
	GlobalSection(SolutionConfigurationPlatforms) = preSolution
		Debug|Any CPU = Debug|Any CPU
		Release|Any CPU = Release|Any CPU
	EndGlobalSection
	GlobalSection(ProjectConfigurationPlatforms) = postSolution
		{C0C95201-A31F-42B0-B786-EA787AA52E63}.Debug|Any CPU.ActiveCfg = Debug|Any CPU
		{C0C95201-A31F-42B0-B786-EA787AA52E63}.Debug|Any CPU.Build.0 = Debug|Any CPU
		{C0C95201-A31F-42B0-B786-EA787AA52E63}.Release|Any CPU.ActiveCfg = Release|Any CPU
		{C0C95201-A31F-42B0-B786-EA787AA52E63}.Release|Any CPU.Build.0 = Release|Any CPU
		{DD5574B4-E8A9-4324-9C16-2A0F29DF6243}.Debug|Any CPU.ActiveCfg = Debug|Any CPU
		{DD5574B4-E8A9-4324-9C16-2A0F29DF6243}.Debug|Any CPU.Build.0 = Debug|Any CPU
		{DD5574B4-E8A9-4324-9C16-2A0F29DF6243}.Release|Any CPU.ActiveCfg = Release|Any CPU
		{DD5574B4-E8A9-4324-9C16-2A0F29DF6243}.Release|Any CPU.Build.0 = Release|Any CPU
		{41B2BB17-8B37-4712-8B93-DDBF1ABB78AB}.Debug|Any CPU.ActiveCfg = Debug|Any CPU
		{41B2BB17-8B37-4712-8B93-DDBF1ABB78AB}.Debug|Any CPU.Build.0 = Debug|Any CPU
		{41B2BB17-8B37-4712-8B93-DDBF1ABB78AB}.Release|Any CPU.ActiveCfg = Release|Any CPU
		{41B2BB17-8B37-4712-8B93-DDBF1ABB78AB}.Release|Any CPU.Build.0 = Release|Any CPU
	EndGlobalSection
	GlobalSection(SolutionProperties) = preSolution
		HideSolutionNode = FALSE
	EndGlobalSection
	GlobalSection(ExtensibilityGlobals) = postSolution
		SolutionGuid = {E886F19B-972A-46EB-8294-9DAFDAFDCAE9}
	EndGlobalSection
EndGlobal
